
Microsoft Visual Studio Solution File, Format Version 12.00
# Visual Studio Version 17
VisualStudioVersion = 17.6.33723.286
MinimumVisualStudioVersion = 10.0.40219.1
Project("{9A19103F-16F7-4668-BE54-9A1E7A4F7556}") = "HelloWorld", "HelloWorld\HelloWorld.csproj", "{7E02511D-344B-4EC4-9195-8F012CE7E4ED}"
EndProject
Project("{9A19103F-16F7-4668-BE54-9A1E7A4F7556}") = "PrimeFactor", "PrimeFactor\PrimeFactor.csproj", "{AC2EB66E-6A02-4E72-B557-82C62B68CCA9}"
EndProject
Project("{FAE04EC0-301F-11D3-BF4B-00C04F79EFBC}") = "QuizApp", "QuizApp\QuizApp.csproj", "{99222DF6-1AA8-45E1-9C0C-546CDAA0DA88}"
EndProject
Global
	GlobalSection(SolutionConfigurationPlatforms) = preSolution
		Debug|Any CPU = Debug|Any CPU
		Release|Any CPU = Release|Any CPU
	EndGlobalSection
	GlobalSection(ProjectConfigurationPlatforms) = postSolution
		{7E02511D-344B-4EC4-9195-8F012CE7E4ED}.Debug|Any CPU.ActiveCfg = Debug|Any CPU
		{7E02511D-344B-4EC4-9195-8F012CE7E4ED}.Debug|Any CPU.Build.0 = Debug|Any CPU
		{7E02511D-344B-4EC4-9195-8F012CE7E4ED}.Release|Any CPU.ActiveCfg = Release|Any CPU
		{7E02511D-344B-4EC4-9195-8F012CE7E4ED}.Release|Any CPU.Build.0 = Release|Any CPU
		{AC2EB66E-6A02-4E72-B557-82C62B68CCA9}.Debug|Any CPU.ActiveCfg = Debug|Any CPU
		{AC2EB66E-6A02-4E72-B557-82C62B68CCA9}.Debug|Any CPU.Build.0 = Debug|Any CPU
		{AC2EB66E-6A02-4E72-B557-82C62B68CCA9}.Release|Any CPU.ActiveCfg = Release|Any CPU
		{AC2EB66E-6A02-4E72-B557-82C62B68CCA9}.Release|Any CPU.Build.0 = Release|Any CPU
		{99222DF6-1AA8-45E1-9C0C-546CDAA0DA88}.Debug|Any CPU.ActiveCfg = Debug|Any CPU
		{99222DF6-1AA8-45E1-9C0C-546CDAA0DA88}.Debug|Any CPU.Build.0 = Debug|Any CPU
		{99222DF6-1AA8-45E1-9C0C-546CDAA0DA88}.Release|Any CPU.ActiveCfg = Release|Any CPU
		{99222DF6-1AA8-45E1-9C0C-546CDAA0DA88}.Release|Any CPU.Build.0 = Release|Any CPU
	EndGlobalSection
	GlobalSection(SolutionProperties) = preSolution
		HideSolutionNode = FALSE
	EndGlobalSection
	GlobalSection(ExtensibilityGlobals) = postSolution
		SolutionGuid = {CD1A8B7C-1B13-40B8-9039-3A3840AD7D30}
	EndGlobalSection
EndGlobal
